
Microsoft Visual Studio Solution File, Format Version 12.00
# Visual Studio Version 17
VisualStudioVersion = 17.9.34607.119
MinimumVisualStudioVersion = 10.0.40219.1
Project("{9A19103F-16F7-4668-BE54-9A1E7A4F7556}") = "Introduction.WebAPI", "Introduction.WebAPI\Introduction.WebAPI.csproj", "{5C1387CA-352C-49A8-A773-FC86D9D7995B}"
EndProject
Project("{FAE04EC0-301F-11D3-BF4B-00C04F79EFBC}") = "Introduction.Model", "Introduction.Model\Introduction.Model.csproj", "{6B916F30-7964-4C0F-9491-43F761E01B32}"
EndProject
Project("{FAE04EC0-301F-11D3-BF4B-00C04F79EFBC}") = "Introduction.Service", "Introduction.Service\Introduction.Service.csproj", "{58D72E42-D1AA-4B8E-B53C-FC033AA69E6E}"
EndProject
Project("{FAE04EC0-301F-11D3-BF4B-00C04F79EFBC}") = "Introduction.Service.Common", "Introduction.Service.Common\Introduction.Service.Common.csproj", "{391FB786-A7BF-4A33-8932-D998E94281BD}"
EndProject
Project("{FAE04EC0-301F-11D3-BF4B-00C04F79EFBC}") = "Introduction.Repository.Common", "Introduction.Repository.Common\Introduction.Repository.Common.csproj", "{04662015-6DBB-4041-A867-14A04E683691}"
EndProject
Project("{FAE04EC0-301F-11D3-BF4B-00C04F79EFBC}") = "Introduction.Repository", "Introduction.Repository\Introduction.Repository.csproj", "{907088DE-4711-4E7F-82D5-F9D2E6327F24}"
EndProject
Project("{FAE04EC0-301F-11D3-BF4B-00C04F79EFBC}") = "Introduction.Common", "Introduction.Common\Introduction.Common.csproj", "{C79531C2-6E67-4D80-B39E-00815C2AD81E}"
EndProject
Global
	GlobalSection(SolutionConfigurationPlatforms) = preSolution
		Debug|Any CPU = Debug|Any CPU
		Release|Any CPU = Release|Any CPU
	EndGlobalSection
	GlobalSection(ProjectConfigurationPlatforms) = postSolution
		{5C1387CA-352C-49A8-A773-FC86D9D7995B}.Debug|Any CPU.ActiveCfg = Debug|Any CPU
		{5C1387CA-352C-49A8-A773-FC86D9D7995B}.Debug|Any CPU.Build.0 = Debug|Any CPU
		{5C1387CA-352C-49A8-A773-FC86D9D7995B}.Release|Any CPU.ActiveCfg = Release|Any CPU
		{5C1387CA-352C-49A8-A773-FC86D9D7995B}.Release|Any CPU.Build.0 = Release|Any CPU
		{6B916F30-7964-4C0F-9491-43F761E01B32}.Debug|Any CPU.ActiveCfg = Debug|Any CPU
		{6B916F30-7964-4C0F-9491-43F761E01B32}.Debug|Any CPU.Build.0 = Debug|Any CPU
		{6B916F30-7964-4C0F-9491-43F761E01B32}.Release|Any CPU.ActiveCfg = Release|Any CPU
		{6B916F30-7964-4C0F-9491-43F761E01B32}.Release|Any CPU.Build.0 = Release|Any CPU
		{58D72E42-D1AA-4B8E-B53C-FC033AA69E6E}.Debug|Any CPU.ActiveCfg = Debug|Any CPU
		{58D72E42-D1AA-4B8E-B53C-FC033AA69E6E}.Debug|Any CPU.Build.0 = Debug|Any CPU
		{58D72E42-D1AA-4B8E-B53C-FC033AA69E6E}.Release|Any CPU.ActiveCfg = Release|Any CPU
		{58D72E42-D1AA-4B8E-B53C-FC033AA69E6E}.Release|Any CPU.Build.0 = Release|Any CPU
		{391FB786-A7BF-4A33-8932-D998E94281BD}.Debug|Any CPU.ActiveCfg = Debug|Any CPU
		{391FB786-A7BF-4A33-8932-D998E94281BD}.Debug|Any CPU.Build.0 = Debug|Any CPU
		{391FB786-A7BF-4A33-8932-D998E94281BD}.Release|Any CPU.ActiveCfg = Release|Any CPU
		{391FB786-A7BF-4A33-8932-D998E94281BD}.Release|Any CPU.Build.0 = Release|Any CPU
		{04662015-6DBB-4041-A867-14A04E683691}.Debug|Any CPU.ActiveCfg = Debug|Any CPU
		{04662015-6DBB-4041-A867-14A04E683691}.Debug|Any CPU.Build.0 = Debug|Any CPU
		{04662015-6DBB-4041-A867-14A04E683691}.Release|Any CPU.ActiveCfg = Release|Any CPU
		{04662015-6DBB-4041-A867-14A04E683691}.Release|Any CPU.Build.0 = Release|Any CPU
		{907088DE-4711-4E7F-82D5-F9D2E6327F24}.Debug|Any CPU.ActiveCfg = Debug|Any CPU
		{907088DE-4711-4E7F-82D5-F9D2E6327F24}.Debug|Any CPU.Build.0 = Debug|Any CPU
		{907088DE-4711-4E7F-82D5-F9D2E6327F24}.Release|Any CPU.ActiveCfg = Release|Any CPU
		{907088DE-4711-4E7F-82D5-F9D2E6327F24}.Release|Any CPU.Build.0 = Release|Any CPU
		{C79531C2-6E67-4D80-B39E-00815C2AD81E}.Debug|Any CPU.ActiveCfg = Debug|Any CPU
		{C79531C2-6E67-4D80-B39E-00815C2AD81E}.Debug|Any CPU.Build.0 = Debug|Any CPU
		{C79531C2-6E67-4D80-B39E-00815C2AD81E}.Release|Any CPU.ActiveCfg = Release|Any CPU
		{C79531C2-6E67-4D80-B39E-00815C2AD81E}.Release|Any CPU.Build.0 = Release|Any CPU
	EndGlobalSection
	GlobalSection(SolutionProperties) = preSolution
		HideSolutionNode = FALSE
	EndGlobalSection
	GlobalSection(ExtensibilityGlobals) = postSolution
		SolutionGuid = {D18DDE7A-BD47-446D-996F-3991559C3E00}
	EndGlobalSection
EndGlobal
